
Microsoft Visual Studio Solution File, Format Version 12.00
# Visual Studio Version 17
VisualStudioVersion = 17.8.34330.188
MinimumVisualStudioVersion = 10.0.40219.1
Project("{8BC9CEB8-8B4A-11D0-8D11-00A0C91BC942}") = "game_sakumoto", "game_sakumoto.vcxproj", "{76B8F7D9-BA59-4DB5-984A-A28C50A763DF}"
EndProject
Global
	GlobalSection(SolutionConfigurationPlatforms) = preSolution
		Debug|x64 = Debug|x64
		Debug|x86 = Debug|x86
		Release|x64 = Release|x64
		Release|x86 = Release|x86
	EndGlobalSection
	GlobalSection(ProjectConfigurationPlatforms) = postSolution
		{76B8F7D9-BA59-4DB5-984A-A28C50A763DF}.Debug|x64.ActiveCfg = Debug|x64
		{76B8F7D9-BA59-4DB5-984A-A28C50A763DF}.Debug|x64.Build.0 = Debug|x64
		{76B8F7D9-BA59-4DB5-984A-A28C50A763DF}.Debug|x86.ActiveCfg = Debug|Win32
		{76B8F7D9-BA59-4DB5-984A-A28C50A763DF}.Debug|x86.Build.0 = Debug|Win32
		{76B8F7D9-BA59-4DB5-984A-A28C50A763DF}.Release|x64.ActiveCfg = Release|x64
		{76B8F7D9-BA59-4DB5-984A-A28C50A763DF}.Release|x64.Build.0 = Release|x64
		{76B8F7D9-BA59-4DB5-984A-A28C50A763DF}.Release|x86.ActiveCfg = Release|Win32
		{76B8F7D9-BA59-4DB5-984A-A28C50A763DF}.Release|x86.Build.0 = Release|Win32
	EndGlobalSection
	GlobalSection(SolutionProperties) = preSolution
		HideSolutionNode = FALSE
	EndGlobalSection
	GlobalSection(ExtensibilityGlobals) = postSolution
		SolutionGuid = {C19D1DD4-2DF4-4066-BEDF-BF1157D3EC8D}
	EndGlobalSection
EndGlobal
